// !$*UTF8*$!
{
	archiveVersion = 1;
	classes = {
	};
	objectVersion = 55;
	objects = {

/* Begin PBXBuildFile section */
		865853C2296BFF9900AAF955 /* AppDelegate.swift in Sources */ = {isa = PBXBuildFile; fileRef = 865853C1296BFF9900AAF955 /* AppDelegate.swift */; };
		865853C4296BFF9900AAF955 /* SceneDelegate.swift in Sources */ = {isa = PBXBuildFile; fileRef = 865853C3296BFF9900AAF955 /* SceneDelegate.swift */; };
		865853C6296BFF9900AAF955 /* ViewController.swift in Sources */ = {isa = PBXBuildFile; fileRef = 865853C5296BFF9900AAF955 /* ViewController.swift */; };
		865853C9296BFF9900AAF955 /* Main.storyboard in Resources */ = {isa = PBXBuildFile; fileRef = 865853C7296BFF9900AAF955 /* Main.storyboard */; };
		865853CB296BFF9B00AAF955 /* Assets.xcassets in Resources */ = {isa = PBXBuildFile; fileRef = 865853CA296BFF9B00AAF955 /* Assets.xcassets */; };
		865853CE296BFF9B00AAF955 /* LaunchScreen.storyboard in Resources */ = {isa = PBXBuildFile; fileRef = 865853CC296BFF9B00AAF955 /* LaunchScreen.storyboard */; };
		865853D6296C020600AAF955 /* LiveAudioHeaderView.swift in Sources */ = {isa = PBXBuildFile; fileRef = 865853D5296C020600AAF955 /* LiveAudioHeaderView.swift */; };
		865853D8296C0E9800AAF955 /* sports-car.svga in Resources */ = {isa = PBXBuildFile; fileRef = 865853D7296C0E9800AAF955 /* sports-car.svga */; };
		8EDF7CF12AF8D13D0053852A /* GiftView.swift in Sources */ = {isa = PBXBuildFile; fileRef = 8EDF7CF02AF8D13D0053852A /* GiftView.swift */; };
		8EDF7CF22AF8E0A30053852A /* demo.mp4 in Resources */ = {isa = PBXBuildFile; fileRef = 8EDF7CEF2AF8D04C0053852A /* demo.mp4 */; };
		8EDF7CFB2AF8EBF00053852A /* vap.mp4 in Resources */ = {isa = PBXBuildFile; fileRef = 8EDF7CFA2AF8EBF00053852A /* vap.mp4 */; };
		9DD3BD3B5156FCBFCA3A8977 /* Pods_virtual_gift_demo.framework in Frameworks */ = {isa = PBXBuildFile; fileRef = 9F06F4C7AA83B8B2DE8A4D2D /* Pods_virtual_gift_demo.framework */; };
/* End PBXBuildFile section */

/* Begin PBXFileReference section */
		15024B7D42C866F2E388B00A /* Pods-virtual_gift_demo.release.xcconfig */ = {isa = PBXFileReference; includeInIndex = 1; lastKnownFileType = text.xcconfig; name = "Pods-virtual_gift_demo.release.xcconfig"; path = "Target Support Files/Pods-virtual_gift_demo/Pods-virtual_gift_demo.release.xcconfig"; sourceTree = "<group>"; };
		3F012DB4A8187A7652E84930 /* Pods-virtual_gift_demo.debug.xcconfig */ = {isa = PBXFileReference; includeInIndex = 1; lastKnownFileType = text.xcconfig; name = "Pods-virtual_gift_demo.debug.xcconfig"; path = "Target Support Files/Pods-virtual_gift_demo/Pods-virtual_gift_demo.debug.xcconfig"; sourceTree = "<group>"; };
		865853BE296BFF9900AAF955 /* virtual_gift_demo.app */ = {isa = PBXFileReference; explicitFileType = wrapper.application; includeInIndex = 0; path = virtual_gift_demo.app; sourceTree = BUILT_PRODUCTS_DIR; };
		865853C1296BFF9900AAF955 /* AppDelegate.swift */ = {isa = PBXFileReference; lastKnownFileType = sourcecode.swift; path = AppDelegate.swift; sourceTree = "<group>"; };
		865853C3296BFF9900AAF955 /* SceneDelegate.swift */ = {isa = PBXFileReference; lastKnownFileType = sourcecode.swift; path = SceneDelegate.swift; sourceTree = "<group>"; };
		865853C5296BFF9900AAF955 /* ViewController.swift */ = {isa = PBXFileReference; lastKnownFileType = sourcecode.swift; path = ViewController.swift; sourceTree = "<group>"; };
		865853C8296BFF9900AAF955 /* Base */ = {isa = PBXFileReference; lastKnownFileType = file.storyboard; name = Base; path = Base.lproj/Main.storyboard; sourceTree = "<group>"; };
		865853CA296BFF9B00AAF955 /* Assets.xcassets */ = {isa = PBXFileReference; lastKnownFileType = folder.assetcatalog; path = Assets.xcassets; sourceTree = "<group>"; };
		865853CD296BFF9B00AAF955 /* Base */ = {isa = PBXFileReference; lastKnownFileType = file.storyboard; name = Base; path = Base.lproj/LaunchScreen.storyboard; sourceTree = "<group>"; };
		865853CF296BFF9B00AAF955 /* Info.plist */ = {isa = PBXFileReference; lastKnownFileType = text.plist.xml; path = Info.plist; sourceTree = "<group>"; };
		865853D5296C020600AAF955 /* LiveAudioHeaderView.swift */ = {isa = PBXFileReference; fileEncoding = 4; lastKnownFileType = sourcecode.swift; path = LiveAudioHeaderView.swift; sourceTree = "<group>"; };
		865853D7296C0E9800AAF955 /* sports-car.svga */ = {isa = PBXFileReference; lastKnownFileType = file; path = "sports-car.svga"; sourceTree = "<group>"; };
		8EDF7CEF2AF8D04C0053852A /* demo.mp4 */ = {isa = PBXFileReference; lastKnownFileType = file; path = demo.mp4; sourceTree = "<group>"; };
		8EDF7CF02AF8D13D0053852A /* GiftView.swift */ = {isa = PBXFileReference; lastKnownFileType = sourcecode.swift; path = GiftView.swift; sourceTree = "<group>"; };
		8EDF7CFA2AF8EBF00053852A /* vap.mp4 */ = {isa = PBXFileReference; lastKnownFileType = file; path = vap.mp4; sourceTree = "<group>"; };
		9F06F4C7AA83B8B2DE8A4D2D /* Pods_virtual_gift_demo.framework */ = {isa = PBXFileReference; explicitFileType = wrapper.framework; includeInIndex = 0; path = Pods_virtual_gift_demo.framework; sourceTree = BUILT_PRODUCTS_DIR; };
/* End PBXFileReference section */

/* Begin PBXFrameworksBuildPhase section */
		865853BB296BFF9900AAF955 /* Frameworks */ = {
			isa = PBXFrameworksBuildPhase;
			buildActionMask = 2147483647;
			files = (
				9DD3BD3B5156FCBFCA3A8977 /* Pods_virtual_gift_demo.framework in Frameworks */,
			);
			runOnlyForDeploymentPostprocessing = 0;
		};
/* End PBXFrameworksBuildPhase section */

/* Begin PBXGroup section */
		603D26A0E99E432700C531AA /* Frameworks */ = {
			isa = PBXGroup;
			children = (
				9F06F4C7AA83B8B2DE8A4D2D /* Pods_virtual_gift_demo.framework */,
			);
			name = Frameworks;
			sourceTree = "<group>";
		};
		865853B5296BFF9900AAF955 = {
			isa = PBXGroup;
			children = (
				865853C0296BFF9900AAF955 /* virtual_gift_demo */,
				865853BF296BFF9900AAF955 /* Products */,
				603D26A0E99E432700C531AA /* Frameworks */,
				D234015BF5B0AB7D9D8B5E4D /* Pods */,
			);
			sourceTree = "<group>";
		};
		865853BF296BFF9900AAF955 /* Products */ = {
			isa = PBXGroup;
			children = (
				865853BE296BFF9900AAF955 /* virtual_gift_demo.app */,
			);
			name = Products;
			sourceTree = "<group>";
		};
		865853C0296BFF9900AAF955 /* virtual_gift_demo */ = {
			isa = PBXGroup;
			children = (
				865853C1296BFF9900AAF955 /* AppDelegate.swift */,
				865853C3296BFF9900AAF955 /* SceneDelegate.swift */,
				865853C5296BFF9900AAF955 /* ViewController.swift */,
				8EDF7CF02AF8D13D0053852A /* GiftView.swift */,
				865853D5296C020600AAF955 /* LiveAudioHeaderView.swift */,
				865853C7296BFF9900AAF955 /* Main.storyboard */,
				865853CA296BFF9B00AAF955 /* Assets.xcassets */,
				865853CC296BFF9B00AAF955 /* LaunchScreen.storyboard */,
				865853CF296BFF9B00AAF955 /* Info.plist */,
				8EDF7CEF2AF8D04C0053852A /* demo.mp4 */,
				8EDF7CFA2AF8EBF00053852A /* vap.mp4 */,
				865853D7296C0E9800AAF955 /* sports-car.svga */,
			);
			path = virtual_gift_demo;
			sourceTree = "<group>";
		};
		D234015BF5B0AB7D9D8B5E4D /* Pods */ = {
			isa = PBXGroup;
			children = (
				3F012DB4A8187A7652E84930 /* Pods-virtual_gift_demo.debug.xcconfig */,
				15024B7D42C866F2E388B00A /* Pods-virtual_gift_demo.release.xcconfig */,
			);
			path = Pods;
			sourceTree = "<group>";
		};
/* End PBXGroup section */

/* Begin PBXNativeTarget section */
		865853BD296BFF9900AAF955 /* virtual_gift_demo */ = {
			isa = PBXNativeTarget;
			buildConfigurationList = 865853D2296BFF9B00AAF955 /* Build configuration list for PBXNativeTarget "virtual_gift_demo" */;
			buildPhases = (
				5806EACDD1F4D9C33A97C82F /* [CP] Check Pods Manifest.lock */,
				865853BA296BFF9900AAF955 /* Sources */,
				865853BB296BFF9900AAF955 /* Frameworks */,
				865853BC296BFF9900AAF955 /* Resources */,
				4A5F8EB63D84C63F2294E736 /* [CP] Embed Pods Frameworks */,
			);
			buildRules = (
			);
			dependencies = (
			);
			name = virtual_gift_demo;
			productName = virtual_gift_demo;
			productReference = 865853BE296BFF9900AAF955 /* virtual_gift_demo.app */;
			productType = "com.apple.product-type.application";
		};
/* End PBXNativeTarget section */

/* Begin PBXProject section */
		865853B6296BFF9900AAF955 /* Project object */ = {
			isa = PBXProject;
			attributes = {
				BuildIndependentTargetsInParallel = 1;
				LastSwiftUpdateCheck = 1420;
				LastUpgradeCheck = 1420;
				TargetAttributes = {
					865853BD296BFF9900AAF955 = {
						CreatedOnToolsVersion = 14.2;
					};
				};
			};
			buildConfigurationList = 865853B9296BFF9900AAF955 /* Build configuration list for PBXProject "virtual_gift_demo" */;
			compatibilityVersion = "Xcode 13.0";
			developmentRegion = en;
			hasScannedForEncodings = 0;
			knownRegions = (
				en,
				Base,
			);
			mainGroup = 865853B5296BFF9900AAF955;
			productRefGroup = 865853BF296BFF9900AAF955 /* Products */;
			projectDirPath = "";
			projectRoot = "";
			targets = (
				865853BD296BFF9900AAF955 /* virtual_gift_demo */,
			);
		};
/* End PBXProject section */

/* Begin PBXResourcesBuildPhase section */
		865853BC296BFF9900AAF955 /* Resources */ = {
			isa = PBXResourcesBuildPhase;
			buildActionMask = 2147483647;
			files = (
				8EDF7CF22AF8E0A30053852A /* demo.mp4 in Resources */,
				865853D8296C0E9800AAF955 /* sports-car.svga in Resources */,
				865853CE296BFF9B00AAF955 /* LaunchScreen.storyboard in Resources */,
				8EDF7CFB2AF8EBF00053852A /* vap.mp4 in Resources */,
				865853CB296BFF9B00AAF955 /* Assets.xcassets in Resources */,
				865853C9296BFF9900AAF955 /* Main.storyboard in Resources */,
			);
			runOnlyForDeploymentPostprocessing = 0;
		};
/* End PBXResourcesBuildPhase section */

/* Begin PBXShellScriptBuildPhase section */
		4A5F8EB63D84C63F2294E736 /* [CP] Embed Pods Frameworks */ = {
			isa = PBXShellScriptBuildPhase;
			buildActionMask = 2147483647;
			files = (
			);
			inputFileListPaths = (
				"${PODS_ROOT}/Target Support Files/Pods-virtual_gift_demo/Pods-virtual_gift_demo-frameworks-${CONFIGURATION}-input-files.xcfilelist",
			);
			name = "[CP] Embed Pods Frameworks";
			outputFileListPaths = (
				"${PODS_ROOT}/Target Support Files/Pods-virtual_gift_demo/Pods-virtual_gift_demo-frameworks-${CONFIGURATION}-output-files.xcfilelist",
			);
			runOnlyForDeploymentPostprocessing = 0;
			shellPath = /bin/sh;
			shellScript = "\"${PODS_ROOT}/Target Support Files/Pods-virtual_gift_demo/Pods-virtual_gift_demo-frameworks.sh\"\n";
			showEnvVarsInLog = 0;
		};
		5806EACDD1F4D9C33A97C82F /* [CP] Check Pods Manifest.lock */ = {
			isa = PBXShellScriptBuildPhase;
			buildActionMask = 2147483647;
			files = (
			);
			inputFileListPaths = (
			);
			inputPaths = (
				"${PODS_PODFILE_DIR_PATH}/Podfile.lock",
				"${PODS_ROOT}/Manifest.lock",
			);
			name = "[CP] Check Pods Manifest.lock";
			outputFileListPaths = (
			);
			outputPaths = (
				"$(DERIVED_FILE_DIR)/Pods-virtual_gift_demo-checkManifestLockResult.txt",
			);
			runOnlyForDeploymentPostprocessing = 0;
			shellPath = /bin/sh;
			shellScript = "diff \"${PODS_PODFILE_DIR_PATH}/Podfile.lock\" \"${PODS_ROOT}/Manifest.lock\" > /dev/null\nif [ $? != 0 ] ; then\n    # print error to STDERR\n    echo \"error: The sandbox is not in sync with the Podfile.lock. Run 'pod install' or update your CocoaPods installation.\" >&2\n    exit 1\nfi\n# This output is used by Xcode 'outputs' to avoid re-running this script phase.\necho \"SUCCESS\" > \"${SCRIPT_OUTPUT_FILE_0}\"\n";
			showEnvVarsInLog = 0;
		};
/* End PBXShellScriptBuildPhase section */

/* Begin PBXSourcesBuildPhase section */
		865853BA296BFF9900AAF955 /* Sources */ = {
			isa = PBXSourcesBuildPhase;
			buildActionMask = 2147483647;
			files = (
				865853C6296BFF9900AAF955 /* ViewController.swift in Sources */,
				865853C2296BFF9900AAF955 /* AppDelegate.swift in Sources */,
				865853D6296C020600AAF955 /* LiveAudioHeaderView.swift in Sources */,
				8EDF7CF12AF8D13D0053852A /* GiftView.swift in Sources */,
				865853C4296BFF9900AAF955 /* SceneDelegate.swift in Sources */,
			);
			runOnlyForDeploymentPostprocessing = 0;
		};
/* End PBXSourcesBuildPhase section */

/* Begin PBXVariantGroup section */
		865853C7296BFF9900AAF955 /* Main.storyboard */ = {
			isa = PBXVariantGroup;
			children = (
				865853C8296BFF9900AAF955 /* Base */,
			);
			name = Main.storyboard;
			sourceTree = "<group>";
		};
		865853CC296BFF9B00AAF955 /* LaunchScreen.storyboard */ = {
			isa = PBXVariantGroup;
			children = (
				865853CD296BFF9B00AAF955 /* Base */,
			);
			name = LaunchScreen.storyboard;
			sourceTree = "<group>";
		};
/* End PBXVariantGroup section */

/* Begin XCBuildConfiguration section */
		865853D0296BFF9B00AAF955 /* Debug */ = {
			isa = XCBuildConfiguration;
			buildSettings = {
				ALWAYS_SEARCH_USER_PATHS = NO;
				CLANG_ANALYZER_NONNULL = YES;
				CLANG_ANALYZER_NUMBER_OBJECT_CONVERSION = YES_AGGRESSIVE;
				CLANG_CXX_LANGUAGE_STANDARD = "gnu++20";
				CLANG_ENABLE_MODULES = YES;
				CLANG_ENABLE_OBJC_ARC = YES;
				CLANG_ENABLE_OBJC_WEAK = YES;
				CLANG_WARN_BLOCK_CAPTURE_AUTORELEASING = YES;
				CLANG_WARN_BOOL_CONVERSION = YES;
				CLANG_WARN_COMMA = YES;
				CLANG_WARN_CONSTANT_CONVERSION = YES;
				CLANG_WARN_DEPRECATED_OBJC_IMPLEMENTATIONS = YES;
				CLANG_WARN_DIRECT_OBJC_ISA_USAGE = YES_ERROR;
				CLANG_WARN_DOCUMENTATION_COMMENTS = YES;
				CLANG_WARN_EMPTY_BODY = YES;
				CLANG_WARN_ENUM_CONVERSION = YES;
				CLANG_WARN_INFINITE_RECURSION = YES;
				CLANG_WARN_INT_CONVERSION = YES;
				CLANG_WARN_NON_LITERAL_NULL_CONVERSION = YES;
				CLANG_WARN_OBJC_IMPLICIT_RETAIN_SELF = YES;
				CLANG_WARN_OBJC_LITERAL_CONVERSION = YES;
				CLANG_WARN_OBJC_ROOT_CLASS = YES_ERROR;
				CLANG_WARN_QUOTED_INCLUDE_IN_FRAMEWORK_HEADER = YES;
				CLANG_WARN_RANGE_LOOP_ANALYSIS = YES;
				CLANG_WARN_STRICT_PROTOTYPES = YES;
				CLANG_WARN_SUSPICIOUS_MOVE = YES;
				CLANG_WARN_UNGUARDED_AVAILABILITY = YES_AGGRESSIVE;
				CLANG_WARN_UNREACHABLE_CODE = YES;
				CLANG_WARN__DUPLICATE_METHOD_MATCH = YES;
				COPY_PHASE_STRIP = NO;
				DEBUG_INFORMATION_FORMAT = dwarf;
				ENABLE_STRICT_OBJC_MSGSEND = YES;
				ENABLE_TESTABILITY = YES;
				GCC_C_LANGUAGE_STANDARD = gnu11;
				GCC_DYNAMIC_NO_PIC = NO;
				GCC_NO_COMMON_BLOCKS = YES;
				GCC_OPTIMIZATION_LEVEL = 0;
				GCC_PREPROCESSOR_DEFINITIONS = (
					"DEBUG=1",
					"$(inherited)",
				);
				GCC_WARN_64_TO_32_BIT_CONVERSION = YES;
				GCC_WARN_ABOUT_RETURN_TYPE = YES_ERROR;
				GCC_WARN_UNDECLARED_SELECTOR = YES;
				GCC_WARN_UNINITIALIZED_AUTOS = YES_AGGRESSIVE;
				GCC_WARN_UNUSED_FUNCTION = YES;
				GCC_WARN_UNUSED_VARIABLE = YES;
				IPHONEOS_DEPLOYMENT_TARGET = 16.2;
				MTL_ENABLE_DEBUG_INFO = INCLUDE_SOURCE;
				MTL_FAST_MATH = YES;
				ONLY_ACTIVE_ARCH = YES;
				SDKROOT = iphoneos;
				SWIFT_ACTIVE_COMPILATION_CONDITIONS = DEBUG;
				SWIFT_OPTIMIZATION_LEVEL = "-Onone";
			};
			name = Debug;
		};
		865853D1296BFF9B00AAF955 /* Release */ = {
			isa = XCBuildConfiguration;
			buildSettings = {
				ALWAYS_SEARCH_USER_PATHS = NO;
				CLANG_ANALYZER_NONNULL = YES;
				CLANG_ANALYZER_NUMBER_OBJECT_CONVERSION = YES_AGGRESSIVE;
				CLANG_CXX_LANGUAGE_STANDARD = "gnu++20";
				CLANG_ENABLE_MODULES = YES;
				CLANG_ENABLE_OBJC_ARC = YES;
				CLANG_ENABLE_OBJC_WEAK = YES;
				CLANG_WARN_BLOCK_CAPTURE_AUTORELEASING = YES;
				CLANG_WARN_BOOL_CONVERSION = YES;
				CLANG_WARN_COMMA = YES;
				CLANG_WARN_CONSTANT_CONVERSION = YES;
				CLANG_WARN_DEPRECATED_OBJC_IMPLEMENTATIONS = YES;
				CLANG_WARN_DIRECT_OBJC_ISA_USAGE = YES_ERROR;
				CLANG_WARN_DOCUMENTATION_COMMENTS = YES;
				CLANG_WARN_EMPTY_BODY = YES;
				CLANG_WARN_ENUM_CONVERSION = YES;
				CLANG_WARN_INFINITE_RECURSION = YES;
				CLANG_WARN_INT_CONVERSION = YES;
				CLANG_WARN_NON_LITERAL_NULL_CONVERSION = YES;
				CLANG_WARN_OBJC_IMPLICIT_RETAIN_SELF = YES;
				CLANG_WARN_OBJC_LITERAL_CONVERSION = YES;
				CLANG_WARN_OBJC_ROOT_CLASS = YES_ERROR;
				CLANG_WARN_QUOTED_INCLUDE_IN_FRAMEWORK_HEADER = YES;
				CLANG_WARN_RANGE_LOOP_ANALYSIS = YES;
				CLANG_WARN_STRICT_PROTOTYPES = YES;
				CLANG_WARN_SUSPICIOUS_MOVE = YES;
				CLANG_WARN_UNGUARDED_AVAILABILITY = YES_AGGRESSIVE;
				CLANG_WARN_UNREACHABLE_CODE = YES;
				CLANG_WARN__DUPLICATE_METHOD_MATCH = YES;
				COPY_PHASE_STRIP = NO;
				DEBUG_INFORMATION_FORMAT = "dwarf-with-dsym";
				ENABLE_NS_ASSERTIONS = NO;
				ENABLE_STRICT_OBJC_MSGSEND = YES;
				GCC_C_LANGUAGE_STANDARD = gnu11;
				GCC_NO_COMMON_BLOCKS = YES;
				GCC_WARN_64_TO_32_BIT_CONVERSION = YES;
				GCC_WARN_ABOUT_RETURN_TYPE = YES_ERROR;
				GCC_WARN_UNDECLARED_SELECTOR = YES;
				GCC_WARN_UNINITIALIZED_AUTOS = YES_AGGRESSIVE;
				GCC_WARN_UNUSED_FUNCTION = YES;
				GCC_WARN_UNUSED_VARIABLE = YES;
				IPHONEOS_DEPLOYMENT_TARGET = 16.2;
				MTL_ENABLE_DEBUG_INFO = NO;
				MTL_FAST_MATH = YES;
				SDKROOT = iphoneos;
				SWIFT_COMPILATION_MODE = wholemodule;
				SWIFT_OPTIMIZATION_LEVEL = "-O";
				VALIDATE_PRODUCT = YES;
			};
			name = Release;
		};
		865853D3296BFF9B00AAF955 /* Debug */ = {
			isa = XCBuildConfiguration;
			baseConfigurationReference = 3F012DB4A8187A7652E84930 /* Pods-virtual_gift_demo.debug.xcconfig */;
			buildSettings = {
				ASSETCATALOG_COMPILER_APPICON_NAME = AppIcon;
				ASSETCATALOG_COMPILER_GLOBAL_ACCENT_COLOR_NAME = AccentColor;
				CODE_SIGN_STYLE = Automatic;
				CURRENT_PROJECT_VERSION = 1;
				DEVELOPMENT_TEAM = PN83KX5U85;
				GENERATE_INFOPLIST_FILE = YES;
				INFOPLIST_FILE = virtual_gift_demo/Info.plist;
				INFOPLIST_KEY_NSCameraUsageDescription = "We need to use your camera to help you join the audio room interaction.";
				INFOPLIST_KEY_NSMicrophoneUsageDescription = "We need to use your mic to help you join the audio room interaction.";
				INFOPLIST_KEY_UIApplicationSupportsIndirectInputEvents = YES;
				INFOPLIST_KEY_UILaunchStoryboardName = LaunchScreen;
				INFOPLIST_KEY_UIMainStoryboardFile = Main;
				INFOPLIST_KEY_UISupportedInterfaceOrientations_iPad = "UIInterfaceOrientationPortrait UIInterfaceOrientationPortraitUpsideDown UIInterfaceOrientationLandscapeLeft UIInterfaceOrientationLandscapeRight";
				INFOPLIST_KEY_UISupportedInterfaceOrientations_iPhone = "UIInterfaceOrientationPortrait UIInterfaceOrientationLandscapeLeft UIInterfaceOrientationLandscapeRight";
				IPHONEOS_DEPLOYMENT_TARGET = 13.0;
				LD_RUNPATH_SEARCH_PATHS = (
					"$(inherited)",
					"@executable_path/Frameworks",
					"\"${PODS_XCFRAMEWORKS_BUILD_DIR}/ZIM\"",
				);
				MARKETING_VERSION = 1.0;
				PRODUCT_BUNDLE_IDENTIFIER = "com.zegocloud.virtualgift.virtual-gift-demo";
				PRODUCT_NAME = "$(TARGET_NAME)";
				SWIFT_EMIT_LOC_STRINGS = YES;
				SWIFT_VERSION = 5.0;
				TARGETED_DEVICE_FAMILY = "1,2";
			};
			name = Debug;
		};
		865853D4296BFF9B00AAF955 /* Release */ = {
			isa = XCBuildConfiguration;
			baseConfigurationReference = 15024B7D42C866F2E388B00A /* Pods-virtual_gift_demo.release.xcconfig */;
			buildSettings = {
				ASSETCATALOG_COMPILER_APPICON_NAME = AppIcon;
				ASSETCATALOG_COMPILER_GLOBAL_ACCENT_COLOR_NAME = AccentColor;
				CODE_SIGN_STYLE = Automatic;
				CURRENT_PROJECT_VERSION = 1;
				DEVELOPMENT_TEAM = PN83KX5U85;
				GENERATE_INFOPLIST_FILE = YES;
				INFOPLIST_FILE = virtual_gift_demo/Info.plist;
				INFOPLIST_KEY_NSCameraUsageDescription = "We need to use your camera to help you join the audio room interaction.";
				INFOPLIST_KEY_NSMicrophoneUsageDescription = "We need to use your mic to help you join the audio room interaction.";
				INFOPLIST_KEY_UIApplicationSupportsIndirectInputEvents = YES;
				INFOPLIST_KEY_UILaunchStoryboardName = LaunchScreen;
				INFOPLIST_KEY_UIMainStoryboardFile = Main;
				INFOPLIST_KEY_UISupportedInterfaceOrientations_iPad = "UIInterfaceOrientationPortrait UIInterfaceOrientationPortraitUpsideDown UIInterfaceOrientationLandscapeLeft UIInterfaceOrientationLandscapeRight";
				INFOPLIST_KEY_UISupportedInterfaceOrientations_iPhone = "UIInterfaceOrientationPortrait UIInterfaceOrientationLandscapeLeft UIInterfaceOrientationLandscapeRight";
				IPHONEOS_DEPLOYMENT_TARGET = 13.0;
				LD_RUNPATH_SEARCH_PATHS = (
					"$(inherited)",
					"@executable_path/Frameworks",
					"\"${PODS_XCFRAMEWORKS_BUILD_DIR}/ZIM\"",
				);
				MARKETING_VERSION = 1.0;
				PRODUCT_BUNDLE_IDENTIFIER = "com.zegocloud.virtualgift.virtual-gift-demo";
				PRODUCT_NAME = "$(TARGET_NAME)";
				SWIFT_EMIT_LOC_STRINGS = YES;
				SWIFT_VERSION = 5.0;
				TARGETED_DEVICE_FAMILY = "1,2";
			};
			name = Release;
		};
/* End XCBuildConfiguration section */

/* Begin XCConfigurationList section */
		865853B9296BFF9900AAF955 /* Build configuration list for PBXProject "virtual_gift_demo" */ = {
			isa = XCConfigurationList;
			buildConfigurations = (
				865853D0296BFF9B00AAF955 /* Debug */,
				865853D1296BFF9B00AAF955 /* Release */,
			);
			defaultConfigurationIsVisible = 0;
			defaultConfigurationName = Release;
		};
		865853D2296BFF9B00AAF955 /* Build configuration list for PBXNativeTarget "virtual_gift_demo" */ = {
			isa = XCConfigurationList;
			buildConfigurations = (
				865853D3296BFF9B00AAF955 /* Debug */,
				865853D4296BFF9B00AAF955 /* Release */,
			);
			defaultConfigurationIsVisible = 0;
			defaultConfigurationName = Release;
		};
/* End XCConfigurationList section */
	};
	rootObject = 865853B6296BFF9900AAF955 /* Project object */;
}
